
Microsoft Visual Studio Solution File, Format Version 12.00
# Visual Studio Version 17
VisualStudioVersion = 17.6.33829.357
MinimumVisualStudioVersion = 10.0.40219.1
Project("{FAE04EC0-301F-11D3-BF4B-00C04F79EFBC}") = "Angular16With.Net7", "Angular16With.Net7\Angular16With.Net7.csproj", "{06D4A08D-6ABF-4DC4-8205-758FD125D133}"
EndProject
Global
	GlobalSection(SolutionConfigurationPlatforms) = preSolution
		Debug|Any CPU = Debug|Any CPU
		Release|Any CPU = Release|Any CPU
	EndGlobalSection
	GlobalSection(ProjectConfigurationPlatforms) = postSolution
		{06D4A08D-6ABF-4DC4-8205-758FD125D133}.Debug|Any CPU.ActiveCfg = Debug|Any CPU
		{06D4A08D-6ABF-4DC4-8205-758FD125D133}.Debug|Any CPU.Build.0 = Debug|Any CPU
		{06D4A08D-6ABF-4DC4-8205-758FD125D133}.Release|Any CPU.ActiveCfg = Release|Any CPU
		{06D4A08D-6ABF-4DC4-8205-758FD125D133}.Release|Any CPU.Build.0 = Release|Any CPU
	EndGlobalSection
	GlobalSection(SolutionProperties) = preSolution
		HideSolutionNode = FALSE
	EndGlobalSection
	GlobalSection(ExtensibilityGlobals) = postSolution
		SolutionGuid = {424A2001-A796-4735-8FB7-034CADBD8CC4}
	EndGlobalSection
EndGlobal
